
Microsoft Visual Studio Solution File, Format Version 12.00
# Visual Studio 15
VisualStudioVersion = 15.0.28010.2046
MinimumVisualStudioVersion = 10.0.40219.1
Project("{888888A0-9F3D-457C-B088-3A5042F75D52}") = "C.AI.sar", "C.AI.sar\C.AI.sar.pyproj", "{F32CE58E-4168-4BD8-8B6A-3D956C3519B1}"
EndProject
Global
	GlobalSection(SolutionConfigurationPlatforms) = preSolution
		Debug|Any CPU = Debug|Any CPU
		Release|Any CPU = Release|Any CPU
	EndGlobalSection
	GlobalSection(ProjectConfigurationPlatforms) = postSolution
		{F32CE58E-4168-4BD8-8B6A-3D956C3519B1}.Debug|Any CPU.ActiveCfg = Debug|Any CPU
		{F32CE58E-4168-4BD8-8B6A-3D956C3519B1}.Release|Any CPU.ActiveCfg = Release|Any CPU
	EndGlobalSection
	GlobalSection(SolutionProperties) = preSolution
		HideSolutionNode = FALSE
	EndGlobalSection
	GlobalSection(ExtensibilityGlobals) = postSolution
		SolutionGuid = {F2B52A91-4CA1-434A-8417-627C8B38D0CF}
	EndGlobalSection
EndGlobal
